
Microsoft Visual Studio Solution File, Format Version 12.00
# Visual Studio Version 17
VisualStudioVersion = 17.8.34330.188
MinimumVisualStudioVersion = 10.0.40219.1
Project("{2150E333-8FDC-42A3-9474-1A3956D46DE8}") = "RandomUser.API", "RandomUser.API", "{33D7AEAF-AE1A-4243-9257-1C73C8ACC96A}"
EndProject
Project("{9A19103F-16F7-4668-BE54-9A1E7A4F7556}") = "RandomUser.API", "RandomUser.API\RandomUser.API.csproj", "{F2750B88-2456-4A0D-B28B-B546F4F22D95}"
EndProject
Project("{2150E333-8FDC-42A3-9474-1A3956D46DE8}") = "RandomUser.Application", "RandomUser.Application", "{0986DE24-E20C-445C-B264-3EFDD602DAC6}"
EndProject
Project("{2150E333-8FDC-42A3-9474-1A3956D46DE8}") = "RandomUser.Domain", "RandomUser.Domain", "{1C2810EE-4539-4CFB-94B7-E53F354D8CAD}"
EndProject
Project("{2150E333-8FDC-42A3-9474-1A3956D46DE8}") = "RandomUser.Infrastructure", "RandomUser.Infrastructure", "{F8C65EE5-CC59-4C17-AFB9-3E8D42613BFA}"
EndProject
Project("{9A19103F-16F7-4668-BE54-9A1E7A4F7556}") = "RandomUser.Application", "RandomUser.Application\RandomUser.Application.csproj", "{824F447E-5718-4359-8CFA-6CA1598414A2}"
EndProject
Project("{9A19103F-16F7-4668-BE54-9A1E7A4F7556}") = "RandomUser.Domain", "RandomUser.Domain\RandomUser.Domain.csproj", "{E2F604D1-3BCC-40F0-A19E-3A3A9288B64A}"
EndProject
Project("{9A19103F-16F7-4668-BE54-9A1E7A4F7556}") = "RandomUser.Infrastructure", "RandomUser.Infrastructure\RandomUser.Infrastructure.csproj", "{3762ED37-3633-45A3-80C7-3C0EF40B5FE8}"
EndProject
Global
	GlobalSection(SolutionConfigurationPlatforms) = preSolution
		Debug|Any CPU = Debug|Any CPU
		Release|Any CPU = Release|Any CPU
	EndGlobalSection
	GlobalSection(ProjectConfigurationPlatforms) = postSolution
		{F2750B88-2456-4A0D-B28B-B546F4F22D95}.Debug|Any CPU.ActiveCfg = Debug|Any CPU
		{F2750B88-2456-4A0D-B28B-B546F4F22D95}.Debug|Any CPU.Build.0 = Debug|Any CPU
		{F2750B88-2456-4A0D-B28B-B546F4F22D95}.Release|Any CPU.ActiveCfg = Release|Any CPU
		{F2750B88-2456-4A0D-B28B-B546F4F22D95}.Release|Any CPU.Build.0 = Release|Any CPU
		{824F447E-5718-4359-8CFA-6CA1598414A2}.Debug|Any CPU.ActiveCfg = Debug|Any CPU
		{824F447E-5718-4359-8CFA-6CA1598414A2}.Debug|Any CPU.Build.0 = Debug|Any CPU
		{824F447E-5718-4359-8CFA-6CA1598414A2}.Release|Any CPU.ActiveCfg = Release|Any CPU
		{824F447E-5718-4359-8CFA-6CA1598414A2}.Release|Any CPU.Build.0 = Release|Any CPU
		{E2F604D1-3BCC-40F0-A19E-3A3A9288B64A}.Debug|Any CPU.ActiveCfg = Debug|Any CPU
		{E2F604D1-3BCC-40F0-A19E-3A3A9288B64A}.Debug|Any CPU.Build.0 = Debug|Any CPU
		{E2F604D1-3BCC-40F0-A19E-3A3A9288B64A}.Release|Any CPU.ActiveCfg = Release|Any CPU
		{E2F604D1-3BCC-40F0-A19E-3A3A9288B64A}.Release|Any CPU.Build.0 = Release|Any CPU
		{3762ED37-3633-45A3-80C7-3C0EF40B5FE8}.Debug|Any CPU.ActiveCfg = Debug|Any CPU
		{3762ED37-3633-45A3-80C7-3C0EF40B5FE8}.Debug|Any CPU.Build.0 = Debug|Any CPU
		{3762ED37-3633-45A3-80C7-3C0EF40B5FE8}.Release|Any CPU.ActiveCfg = Release|Any CPU
		{3762ED37-3633-45A3-80C7-3C0EF40B5FE8}.Release|Any CPU.Build.0 = Release|Any CPU
	EndGlobalSection
	GlobalSection(SolutionProperties) = preSolution
		HideSolutionNode = FALSE
	EndGlobalSection
	GlobalSection(NestedProjects) = preSolution
		{F2750B88-2456-4A0D-B28B-B546F4F22D95} = {33D7AEAF-AE1A-4243-9257-1C73C8ACC96A}
		{824F447E-5718-4359-8CFA-6CA1598414A2} = {0986DE24-E20C-445C-B264-3EFDD602DAC6}
		{E2F604D1-3BCC-40F0-A19E-3A3A9288B64A} = {1C2810EE-4539-4CFB-94B7-E53F354D8CAD}
		{3762ED37-3633-45A3-80C7-3C0EF40B5FE8} = {F8C65EE5-CC59-4C17-AFB9-3E8D42613BFA}
	EndGlobalSection
	GlobalSection(ExtensibilityGlobals) = postSolution
		SolutionGuid = {15CFCB8D-34CD-42F0-90D8-5364C34984F5}
	EndGlobalSection
EndGlobal
